<?xml version="1.0" encoding="utf-8"?>
<Project ToolsVersion="4.0" xmlns="http://schemas.microsoft.com/developer/msbuild/2003">
  <ItemGroup>
    <Filter Include="source">
      <UniqueIdentifier>{4FC737F1-C7A5-4376-A066-2A32D752A2FF}</UniqueIdentifier>
      <Extensions>cpp;c;cc;cxx;def;odl;idl;hpj;bat;asm;asmx</Extensions>
    </Filter>
    <Filter Include="include">
      <UniqueIdentifier>{93995380-89BD-4b04-88EB-625FBE52EBFB}</UniqueIdentifier>
      <Extensions>h;hh;hpp;hxx;hm;inl;inc;ipp;xsd</Extensions>
    </Filter>
    <Filter Include="include\PracticeCPP">
      <UniqueIdentifier>{f5fcb12a-d15c-45af-8f6c-a539fca9e0c3}</UniqueIdentifier>
    </Filter>
    <Filter Include="source\PracticeCPP">
      <UniqueIdentifier>{09b7b035-61be-48c8-ac8a-a5f11a137556}</UniqueIdentifier>
    </Filter>
  </ItemGroup>
  <ItemGroup>
    <ClCompile Include="..\source\pch.cpp">
      <Filter>source</Filter>
    </ClCompile>
    <ClCompile Include="..\source\HRDB.cpp">
      <Filter>source</Filter>
    </ClCompile>
    <ClCompile Include="..\source\PracticeCPP\CPPExceptionHandling.cpp">
      <Filter>source\PracticeCPP</Filter>
    </ClCompile>
    <ClCompile Include="..\source\PracticeCPP\OverloadingOstreamOperator.cpp">
      <Filter>source\PracticeCPP</Filter>
    </ClCompile>
    <ClCompile Include="..\source\PracticeCPP\MessagesOrder.cpp">
      <Filter>source\PracticeCPP</Filter>
    </ClCompile>
    <ClCompile Include="..\source\PracticeCPP\CamelCase.cpp">
      <Filter>source\PracticeCPP</Filter>
    </ClCompile>
    <ClCompile Include="..\source\PracticeCPP\HotelPrices.cpp">
      <Filter>source\PracticeCPP</Filter>
    </ClCompile>
    <ClCompile Include="..\source\PracticeCPP\MagicSpells.cpp">
      <Filter>source\PracticeCPP</Filter>
    </ClCompile>
    <ClCompile Include="..\source\PracticeCPP\CPPClassTemplate.cpp">
      <Filter>source\PracticeCPP</Filter>
    </ClCompile>
    <ClCompile Include="..\source\PracticeCPP\OverloadOperator.cpp">
      <Filter>source\PracticeCPP</Filter>
    </ClCompile>
    <ClCompile Include="..\source\PracticeCPP\AttendingWorkshops.cpp">
      <Filter>source\PracticeCPP</Filter>
    </ClCompile>
    <ClCompile Include="..\source\PracticeCPP\CPPVariadics.cpp">
      <Filter>source\PracticeCPP</Filter>
    </ClCompile>
  </ItemGroup>
  <ItemGroup>
    <ClInclude Include="..\include\pch.h">
      <Filter>include</Filter>
    </ClInclude>
    <ClInclude Include="..\include\prepro_utils.h">
      <Filter>include</Filter>
    </ClInclude>
    <ClInclude Include="..\include\PracticeCPP\CPPExceptionHandling.h">
      <Filter>include\PracticeCPP</Filter>
    </ClInclude>
    <ClInclude Include="..\include\PracticeCPP\OverloadingOstreamOperator.h">
      <Filter>include\PracticeCPP</Filter>
    </ClInclude>
    <ClInclude Include="..\include\PracticeCPP\MessagesOrder.h">
      <Filter>include\PracticeCPP</Filter>
    </ClInclude>
    <ClInclude Include="..\include\PracticeCPP\CamelCase.h">
      <Filter>include\PracticeCPP</Filter>
    </ClInclude>
    <ClInclude Include="..\include\PracticeCPP\HotelPrices.h">
      <Filter>include\PracticeCPP</Filter>
    </ClInclude>
    <ClInclude Include="..\include\PracticeCPP\MagicSpells.h">
      <Filter>include\PracticeCPP</Filter>
    </ClInclude>
    <ClInclude Include="..\include\PracticeCPP\CPPClassTemplate.h">
      <Filter>include\PracticeCPP</Filter>
    </ClInclude>
    <ClInclude Include="..\include\PracticeCPP\OverloadOperator.h">
      <Filter>include\PracticeCPP</Filter>
    </ClInclude>
    <ClInclude Include="..\include\PracticeCPP\AttendingWorkshops.h">
      <Filter>include\PracticeCPP</Filter>
    </ClInclude>
    <ClInclude Include="..\include\PracticeCPP\CPPVariadics.h">
      <Filter>include\PracticeCPP</Filter>
    </ClInclude>
  </ItemGroup>
</Project>